{
  "name": "gatsby-remark-breaks",
  "version": "1.0.0",
  "lockfileVersion": 1,
  "requires": true,
  "dependencies": {
    "remark-breaks": {
      "version": "1.0.3",
      "resolved": "https://registry.npmjs.org/remark-breaks/-/remark-breaks-1.0.3.tgz",
      "integrity": "sha512-ip5hvJE8vsUJCGfgHaEJbf/JfO6KTZV+NBG68AWkEMhrjHW3Qh7EorED41mCt0FFSTrUDeRiNHovKO7cqgPZmw=="
    }
  }
}
